// !$*UTF8*$!
{
	archiveVersion = 1;
	classes = {
	};
	objectVersion = 56;
	objects = {

/* Begin PBXBuildFile section */
		BD15A6872A8531F800061FAA /* anythingApp.swift in Sources */ = {isa = PBXBuildFile; fileRef = BD15A6862A8531F800061FAA /* anythingApp.swift */; };
		BD15A6892A8531F800061FAA /* ContentView.swift in Sources */ = {isa = PBXBuildFile; fileRef = BD15A6882A8531F800061FAA /* ContentView.swift */; };
		BD15A68B2A8531F900061FAA /* Assets.xcassets in Resources */ = {isa = PBXBuildFile; fileRef = BD15A68A2A8531F900061FAA /* Assets.xcassets */; };
		BD15A68E2A8531F900061FAA /* Preview Assets.xcassets in Resources */ = {isa = PBXBuildFile; fileRef = BD15A68D2A8531F900061FAA /* Preview Assets.xcassets */; };
		BD15A6982A8531F900061FAA /* anythingTests.swift in Sources */ = {isa = PBXBuildFile; fileRef = BD15A6972A8531F900061FAA /* anythingTests.swift */; };
		BD15A6A22A8531F900061FAA /* anythingUITests.swift in Sources */ = {isa = PBXBuildFile; fileRef = BD15A6A12A8531F900061FAA /* anythingUITests.swift */; };
		BD15A6A42A8531F900061FAA /* anythingUITestsLaunchTests.swift in Sources */ = {isa = PBXBuildFile; fileRef = BD15A6A32A8531F900061FAA /* anythingUITestsLaunchTests.swift */; };
		BD15A6B12A85375500061FAA /* SecondView.swift in Sources */ = {isa = PBXBuildFile; fileRef = BD15A6B02A85375500061FAA /* SecondView.swift */; };
/* End PBXBuildFile section */

/* Begin PBXContainerItemProxy section */
		BD15A6942A8531F900061FAA /* PBXContainerItemProxy */ = {
			isa = PBXContainerItemProxy;
			containerPortal = BD15A67B2A8531F800061FAA /* Project object */;
			proxyType = 1;
			remoteGlobalIDString = BD15A6822A8531F800061FAA;
			remoteInfo = anything;
		};
		BD15A69E2A8531F900061FAA /* PBXContainerItemProxy */ = {
			isa = PBXContainerItemProxy;
			containerPortal = BD15A67B2A8531F800061FAA /* Project object */;
			proxyType = 1;
			remoteGlobalIDString = BD15A6822A8531F800061FAA;
			remoteInfo = anything;
		};
/* End PBXContainerItemProxy section */

/* Begin PBXFileReference section */
		BD15A6832A8531F800061FAA /* anything.app */ = {isa = PBXFileReference; explicitFileType = wrapper.application; includeInIndex = 0; path = anything.app; sourceTree = BUILT_PRODUCTS_DIR; };
		BD15A6862A8531F800061FAA /* anythingApp.swift */ = {isa = PBXFileReference; lastKnownFileType = sourcecode.swift; path = anythingApp.swift; sourceTree = "<group>"; };
		BD15A6882A8531F800061FAA /* ContentView.swift */ = {isa = PBXFileReference; lastKnownFileType = sourcecode.swift; path = ContentView.swift; sourceTree = "<group>"; };
		BD15A68A2A8531F900061FAA /* Assets.xcassets */ = {isa = PBXFileReference; lastKnownFileType = folder.assetcatalog; path = Assets.xcassets; sourceTree = "<group>"; };
		BD15A68D2A8531F900061FAA /* Preview Assets.xcassets */ = {isa = PBXFileReference; lastKnownFileType = folder.assetcatalog; path = "Preview Assets.xcassets"; sourceTree = "<group>"; };
		BD15A6932A8531F900061FAA /* anythingTests.xctest */ = {isa = PBXFileReference; explicitFileType = wrapper.cfbundle; includeInIndex = 0; path = anythingTests.xctest; sourceTree = BUILT_PRODUCTS_DIR; };
		BD15A6972A8531F900061FAA /* anythingTests.swift */ = {isa = PBXFileReference; lastKnownFileType = sourcecode.swift; path = anythingTests.swift; sourceTree = "<group>"; };
		BD15A69D2A8531F900061FAA /* anythingUITests.xctest */ = {isa = PBXFileReference; explicitFileType = wrapper.cfbundle; includeInIndex = 0; path = anythingUITests.xctest; sourceTree = BUILT_PRODUCTS_DIR; };
		BD15A6A12A8531F900061FAA /* anythingUITests.swift */ = {isa = PBXFileReference; lastKnownFileType = sourcecode.swift; path = anythingUITests.swift; sourceTree = "<group>"; };
		BD15A6A32A8531F900061FAA /* anythingUITestsLaunchTests.swift */ = {isa = PBXFileReference; lastKnownFileType = sourcecode.swift; path = anythingUITestsLaunchTests.swift; sourceTree = "<group>"; };
		BD15A6B02A85375500061FAA /* SecondView.swift */ = {isa = PBXFileReference; lastKnownFileType = sourcecode.swift; path = SecondView.swift; sourceTree = "<group>"; };
/* End PBXFileReference section */

/* Begin PBXFrameworksBuildPhase section */
		BD15A6802A8531F800061FAA /* Frameworks */ = {
			isa = PBXFrameworksBuildPhase;
			buildActionMask = 2147483647;
			files = (
			);
			runOnlyForDeploymentPostprocessing = 0;
		};
		BD15A6902A8531F900061FAA /* Frameworks */ = {
			isa = PBXFrameworksBuildPhase;
			buildActionMask = 2147483647;
			files = (
			);
			runOnlyForDeploymentPostprocessing = 0;
		};
		BD15A69A2A8531F900061FAA /* Frameworks */ = {
			isa = PBXFrameworksBuildPhase;
			buildActionMask = 2147483647;
			files = (
			);
			runOnlyForDeploymentPostprocessing = 0;
		};
/* End PBXFrameworksBuildPhase section */

/* Begin PBXGroup section */
		BD15A67A2A8531F800061FAA = {
			isa = PBXGroup;
			children = (
				BD15A6852A8531F800061FAA /* anything */,
				BD15A6962A8531F900061FAA /* anythingTests */,
				BD15A6A02A8531F900061FAA /* anythingUITests */,
				BD15A6842A8531F800061FAA /* Products */,
			);
			sourceTree = "<group>";
		};
		BD15A6842A8531F800061FAA /* Products */ = {
			isa = PBXGroup;
			children = (
				BD15A6832A8531F800061FAA /* anything.app */,
				BD15A6932A8531F900061FAA /* anythingTests.xctest */,
				BD15A69D2A8531F900061FAA /* anythingUITests.xctest */,
			);
			name = Products;
			sourceTree = "<group>";
		};
		BD15A6852A8531F800061FAA /* anything */ = {
			isa = PBXGroup;
			children = (
				BD15A6862A8531F800061FAA /* anythingApp.swift */,
				BD15A6882A8531F800061FAA /* ContentView.swift */,
				BD15A6B02A85375500061FAA /* SecondView.swift */,
				BD15A68A2A8531F900061FAA /* Assets.xcassets */,
				BD15A68C2A8531F900061FAA /* Preview Content */,
			);
			path = anything;
			sourceTree = "<group>";
		};
		BD15A68C2A8531F900061FAA /* Preview Content */ = {
			isa = PBXGroup;
			children = (
				BD15A68D2A8531F900061FAA /* Preview Assets.xcassets */,
			);
			path = "Preview Content";
			sourceTree = "<group>";
		};
		BD15A6962A8531F900061FAA /* anythingTests */ = {
			isa = PBXGroup;
			children = (
				BD15A6972A8531F900061FAA /* anythingTests.swift */,
			);
			path = anythingTests;
			sourceTree = "<group>";
		};
		BD15A6A02A8531F900061FAA /* anythingUITests */ = {
			isa = PBXGroup;
			children = (
				BD15A6A12A8531F900061FAA /* anythingUITests.swift */,
				BD15A6A32A8531F900061FAA /* anythingUITestsLaunchTests.swift */,
			);
			path = anythingUITests;
			sourceTree = "<group>";
		};
/* End PBXGroup section */

/* Begin PBXNativeTarget section */
		BD15A6822A8531F800061FAA /* anything */ = {
			isa = PBXNativeTarget;
			buildConfigurationList = BD15A6A72A8531F900061FAA /* Build configuration list for PBXNativeTarget "anything" */;
			buildPhases = (
				BD15A67F2A8531F800061FAA /* Sources */,
				BD15A6802A8531F800061FAA /* Frameworks */,
				BD15A6812A8531F800061FAA /* Resources */,
			);
			buildRules = (
			);
			dependencies = (
			);
			name = anything;
			productName = anything;
			productReference = BD15A6832A8531F800061FAA /* anything.app */;
			productType = "com.apple.product-type.application";
		};
		BD15A6922A8531F900061FAA /* anythingTests */ = {
			isa = PBXNativeTarget;
			buildConfigurationList = BD15A6AA2A8531F900061FAA /* Build configuration list for PBXNativeTarget "anythingTests" */;
			buildPhases = (
				BD15A68F2A8531F900061FAA /* Sources */,
				BD15A6902A8531F900061FAA /* Frameworks */,
				BD15A6912A8531F900061FAA /* Resources */,
			);
			buildRules = (
			);
			dependencies = (
				BD15A6952A8531F900061FAA /* PBXTargetDependency */,
			);
			name = anythingTests;
			productName = anythingTests;
			productReference = BD15A6932A8531F900061FAA /* anythingTests.xctest */;
			productType = "com.apple.product-type.bundle.unit-test";
		};
		BD15A69C2A8531F900061FAA /* anythingUITests */ = {
			isa = PBXNativeTarget;
			buildConfigurationList = BD15A6AD2A8531F900061FAA /* Build configuration list for PBXNativeTarget "anythingUITests" */;
			buildPhases = (
				BD15A6992A8531F900061FAA /* Sources */,
				BD15A69A2A8531F900061FAA /* Frameworks */,
				BD15A69B2A8531F900061FAA /* Resources */,
			);
			buildRules = (
			);
			dependencies = (
				BD15A69F2A8531F900061FAA /* PBXTargetDependency */,
			);
			name = anythingUITests;
			productName = anythingUITests;
			productReference = BD15A69D2A8531F900061FAA /* anythingUITests.xctest */;
			productType = "com.apple.product-type.bundle.ui-testing";
		};
/* End PBXNativeTarget section */

/* Begin PBXProject section */
		BD15A67B2A8531F800061FAA /* Project object */ = {
			isa = PBXProject;
			attributes = {
				BuildIndependentTargetsInParallel = 1;
				LastSwiftUpdateCheck = 1430;
				LastUpgradeCheck = 1430;
				TargetAttributes = {
					BD15A6822A8531F800061FAA = {
						CreatedOnToolsVersion = 14.3.1;
					};
					BD15A6922A8531F900061FAA = {
						CreatedOnToolsVersion = 14.3.1;
						TestTargetID = BD15A6822A8531F800061FAA;
					};
					BD15A69C2A8531F900061FAA = {
						CreatedOnToolsVersion = 14.3.1;
						TestTargetID = BD15A6822A8531F800061FAA;
					};
				};
			};
			buildConfigurationList = BD15A67E2A8531F800061FAA /* Build configuration list for PBXProject "anything" */;
			compatibilityVersion = "Xcode 14.0";
			developmentRegion = en;
			hasScannedForEncodings = 0;
			knownRegions = (
				en,
				Base,
			);
			mainGroup = BD15A67A2A8531F800061FAA;
			productRefGroup = BD15A6842A8531F800061FAA /* Products */;
			projectDirPath = "";
			projectRoot = "";
			targets = (
				BD15A6822A8531F800061FAA /* anything */,
				BD15A6922A8531F900061FAA /* anythingTests */,
				BD15A69C2A8531F900061FAA /* anythingUITests */,
			);
		};
/* End PBXProject section */

/* Begin PBXResourcesBuildPhase section */
		BD15A6812A8531F800061FAA /* Resources */ = {
			isa = PBXResourcesBuildPhase;
			buildActionMask = 2147483647;
			files = (
				BD15A68E2A8531F900061FAA /* Preview Assets.xcassets in Resources */,
				BD15A68B2A8531F900061FAA /* Assets.xcassets in Resources */,
			);
			runOnlyForDeploymentPostprocessing = 0;
		};
		BD15A6912A8531F900061FAA /* Resources */ = {
			isa = PBXResourcesBuildPhase;
			buildActionMask = 2147483647;
			files = (
			);
			runOnlyForDeploymentPostprocessing = 0;
		};
		BD15A69B2A8531F900061FAA /* Resources */ = {
			isa = PBXResourcesBuildPhase;
			buildActionMask = 2147483647;
			files = (
			);
			runOnlyForDeploymentPostprocessing = 0;
		};
/* End PBXResourcesBuildPhase section */

/* Begin PBXSourcesBuildPhase section */
		BD15A67F2A8531F800061FAA /* Sources */ = {
			isa = PBXSourcesBuildPhase;
			buildActionMask = 2147483647;
			files = (
				BD15A6B12A85375500061FAA /* SecondView.swift in Sources */,
				BD15A6892A8531F800061FAA /* ContentView.swift in Sources */,
				BD15A6872A8531F800061FAA /* anythingApp.swift in Sources */,
			);
			runOnlyForDeploymentPostprocessing = 0;
		};
		BD15A68F2A8531F900061FAA /* Sources */ = {
			isa = PBXSourcesBuildPhase;
			buildActionMask = 2147483647;
			files = (
				BD15A6982A8531F900061FAA /* anythingTests.swift in Sources */,
			);
			runOnlyForDeploymentPostprocessing = 0;
		};
		BD15A6992A8531F900061FAA /* Sources */ = {
			isa = PBXSourcesBuildPhase;
			buildActionMask = 2147483647;
			files = (
				BD15A6A42A8531F900061FAA /* anythingUITestsLaunchTests.swift in Sources */,
				BD15A6A22A8531F900061FAA /* anythingUITests.swift in Sources */,
			);
			runOnlyForDeploymentPostprocessing = 0;
		};
/* End PBXSourcesBuildPhase section */

/* Begin PBXTargetDependency section */
		BD15A6952A8531F900061FAA /* PBXTargetDependency */ = {
			isa = PBXTargetDependency;
			target = BD15A6822A8531F800061FAA /* anything */;
			targetProxy = BD15A6942A8531F900061FAA /* PBXContainerItemProxy */;
		};
		BD15A69F2A8531F900061FAA /* PBXTargetDependency */ = {
			isa = PBXTargetDependency;
			target = BD15A6822A8531F800061FAA /* anything */;
			targetProxy = BD15A69E2A8531F900061FAA /* PBXContainerItemProxy */;
		};
/* End PBXTargetDependency section */

/* Begin XCBuildConfiguration section */
		BD15A6A52A8531F900061FAA /* Debug */ = {
			isa = XCBuildConfiguration;
			buildSettings = {
				ALWAYS_SEARCH_USER_PATHS = NO;
				CLANG_ANALYZER_NONNULL = YES;
				CLANG_ANALYZER_NUMBER_OBJECT_CONVERSION = YES_AGGRESSIVE;
				CLANG_CXX_LANGUAGE_STANDARD = "gnu++20";
				CLANG_ENABLE_MODULES = YES;
				CLANG_ENABLE_OBJC_ARC = YES;
				CLANG_ENABLE_OBJC_WEAK = YES;
				CLANG_WARN_BLOCK_CAPTURE_AUTORELEASING = YES;
				CLANG_WARN_BOOL_CONVERSION = YES;
				CLANG_WARN_COMMA = YES;
				CLANG_WARN_CONSTANT_CONVERSION = YES;
				CLANG_WARN_DEPRECATED_OBJC_IMPLEMENTATIONS = YES;
				CLANG_WARN_DIRECT_OBJC_ISA_USAGE = YES_ERROR;
				CLANG_WARN_DOCUMENTATION_COMMENTS = YES;
				CLANG_WARN_EMPTY_BODY = YES;
				CLANG_WARN_ENUM_CONVERSION = YES;
				CLANG_WARN_INFINITE_RECURSION = YES;
				CLANG_WARN_INT_CONVERSION = YES;
				CLANG_WARN_NON_LITERAL_NULL_CONVERSION = YES;
				CLANG_WARN_OBJC_IMPLICIT_RETAIN_SELF = YES;
				CLANG_WARN_OBJC_LITERAL_CONVERSION = YES;
				CLANG_WARN_OBJC_ROOT_CLASS = YES_ERROR;
				CLANG_WARN_QUOTED_INCLUDE_IN_FRAMEWORK_HEADER = YES;
				CLANG_WARN_RANGE_LOOP_ANALYSIS = YES;
				CLANG_WARN_STRICT_PROTOTYPES = YES;
				CLANG_WARN_SUSPICIOUS_MOVE = YES;
				CLANG_WARN_UNGUARDED_AVAILABILITY = YES_AGGRESSIVE;
				CLANG_WARN_UNREACHABLE_CODE = YES;
				CLANG_WARN__DUPLICATE_METHOD_MATCH = YES;
				COPY_PHASE_STRIP = NO;
				DEBUG_INFORMATION_FORMAT = dwarf;
				ENABLE_STRICT_OBJC_MSGSEND = YES;
				ENABLE_TESTABILITY = YES;
				GCC_C_LANGUAGE_STANDARD = gnu11;
				GCC_DYNAMIC_NO_PIC = NO;
				GCC_NO_COMMON_BLOCKS = YES;
				GCC_OPTIMIZATION_LEVEL = 0;
				GCC_PREPROCESSOR_DEFINITIONS = (
					"DEBUG=1",
					"$(inherited)",
				);
				GCC_WARN_64_TO_32_BIT_CONVERSION = YES;
				GCC_WARN_ABOUT_RETURN_TYPE = YES_ERROR;
				GCC_WARN_UNDECLARED_SELECTOR = YES;
				GCC_WARN_UNINITIALIZED_AUTOS = YES_AGGRESSIVE;
				GCC_WARN_UNUSED_FUNCTION = YES;
				GCC_WARN_UNUSED_VARIABLE = YES;
				IPHONEOS_DEPLOYMENT_TARGET = 16.4;
				MTL_ENABLE_DEBUG_INFO = INCLUDE_SOURCE;
				MTL_FAST_MATH = YES;
				ONLY_ACTIVE_ARCH = YES;
				SDKROOT = iphoneos;
				SWIFT_ACTIVE_COMPILATION_CONDITIONS = DEBUG;
				SWIFT_OPTIMIZATION_LEVEL = "-Onone";
			};
			name = Debug;
		};
		BD15A6A62A8531F900061FAA /* Release */ = {
			isa = XCBuildConfiguration;
			buildSettings = {
				ALWAYS_SEARCH_USER_PATHS = NO;
				CLANG_ANALYZER_NONNULL = YES;
				CLANG_ANALYZER_NUMBER_OBJECT_CONVERSION = YES_AGGRESSIVE;
				CLANG_CXX_LANGUAGE_STANDARD = "gnu++20";
				CLANG_ENABLE_MODULES = YES;
				CLANG_ENABLE_OBJC_ARC = YES;
				CLANG_ENABLE_OBJC_WEAK = YES;
				CLANG_WARN_BLOCK_CAPTURE_AUTORELEASING = YES;
				CLANG_WARN_BOOL_CONVERSION = YES;
				CLANG_WARN_COMMA = YES;
				CLANG_WARN_CONSTANT_CONVERSION = YES;
				CLANG_WARN_DEPRECATED_OBJC_IMPLEMENTATIONS = YES;
				CLANG_WARN_DIRECT_OBJC_ISA_USAGE = YES_ERROR;
				CLANG_WARN_DOCUMENTATION_COMMENTS = YES;
				CLANG_WARN_EMPTY_BODY = YES;
				CLANG_WARN_ENUM_CONVERSION = YES;
				CLANG_WARN_INFINITE_RECURSION = YES;
				CLANG_WARN_INT_CONVERSION = YES;
				CLANG_WARN_NON_LITERAL_NULL_CONVERSION = YES;
				CLANG_WARN_OBJC_IMPLICIT_RETAIN_SELF = YES;
				CLANG_WARN_OBJC_LITERAL_CONVERSION = YES;
				CLANG_WARN_OBJC_ROOT_CLASS = YES_ERROR;
				CLANG_WARN_QUOTED_INCLUDE_IN_FRAMEWORK_HEADER = YES;
				CLANG_WARN_RANGE_LOOP_ANALYSIS = YES;
				CLANG_WARN_STRICT_PROTOTYPES = YES;
				CLANG_WARN_SUSPICIOUS_MOVE = YES;
				CLANG_WARN_UNGUARDED_AVAILABILITY = YES_AGGRESSIVE;
				CLANG_WARN_UNREACHABLE_CODE = YES;
				CLANG_WARN__DUPLICATE_METHOD_MATCH = YES;
				COPY_PHASE_STRIP = NO;
				DEBUG_INFORMATION_FORMAT = "dwarf-with-dsym";
				ENABLE_NS_ASSERTIONS = NO;
				ENABLE_STRICT_OBJC_MSGSEND = YES;
				GCC_C_LANGUAGE_STANDARD = gnu11;
				GCC_NO_COMMON_BLOCKS = YES;
				GCC_WARN_64_TO_32_BIT_CONVERSION = YES;
				GCC_WARN_ABOUT_RETURN_TYPE = YES_ERROR;
				GCC_WARN_UNDECLARED_SELECTOR = YES;
				GCC_WARN_UNINITIALIZED_AUTOS = YES_AGGRESSIVE;
				GCC_WARN_UNUSED_FUNCTION = YES;
				GCC_WARN_UNUSED_VARIABLE = YES;
				IPHONEOS_DEPLOYMENT_TARGET = 16.4;
				MTL_ENABLE_DEBUG_INFO = NO;
				MTL_FAST_MATH = YES;
				SDKROOT = iphoneos;
				SWIFT_COMPILATION_MODE = wholemodule;
				SWIFT_OPTIMIZATION_LEVEL = "-O";
				VALIDATE_PRODUCT = YES;
			};
			name = Release;
		};
		BD15A6A82A8531F900061FAA /* Debug */ = {
			isa = XCBuildConfiguration;
			buildSettings = {
				ASSETCATALOG_COMPILER_APPICON_NAME = AppIcon;
				ASSETCATALOG_COMPILER_GLOBAL_ACCENT_COLOR_NAME = AccentColor;
				CODE_SIGN_STYLE = Automatic;
				CURRENT_PROJECT_VERSION = 1;
				DEVELOPMENT_ASSET_PATHS = "\"anything/Preview Content\"";
				DEVELOPMENT_TEAM = PPR4ML5PRX;
				ENABLE_PREVIEWS = YES;
				GENERATE_INFOPLIST_FILE = YES;
				INFOPLIST_KEY_UIApplicationSceneManifest_Generation = YES;
				INFOPLIST_KEY_UIApplicationSupportsIndirectInputEvents = YES;
				INFOPLIST_KEY_UILaunchScreen_Generation = YES;
				INFOPLIST_KEY_UISupportedInterfaceOrientations_iPad = "UIInterfaceOrientationPortrait UIInterfaceOrientationPortraitUpsideDown UIInterfaceOrientationLandscapeLeft UIInterfaceOrientationLandscapeRight";
				INFOPLIST_KEY_UISupportedInterfaceOrientations_iPhone = "UIInterfaceOrientationPortrait UIInterfaceOrientationLandscapeLeft UIInterfaceOrientationLandscapeRight";
				LD_RUNPATH_SEARCH_PATHS = (
					"$(inherited)",
					"@executable_path/Frameworks",
				);
				MARKETING_VERSION = 1.0;
				PRODUCT_BUNDLE_IDENTIFIER = kodewithklossy.anything;
				PRODUCT_NAME = "$(TARGET_NAME)";
				SWIFT_EMIT_LOC_STRINGS = YES;
				SWIFT_VERSION = 5.0;
				TARGETED_DEVICE_FAMILY = "1,2";
			};
			name = Debug;
		};
		BD15A6A92A8531F900061FAA /* Release */ = {
			isa = XCBuildConfiguration;
			buildSettings = {
				ASSETCATALOG_COMPILER_APPICON_NAME = AppIcon;
				ASSETCATALOG_COMPILER_GLOBAL_ACCENT_COLOR_NAME = AccentColor;
				CODE_SIGN_STYLE = Automatic;
				CURRENT_PROJECT_VERSION = 1;
				DEVELOPMENT_ASSET_PATHS = "\"anything/Preview Content\"";
				DEVELOPMENT_TEAM = PPR4ML5PRX;
				ENABLE_PREVIEWS = YES;
				GENERATE_INFOPLIST_FILE = YES;
				INFOPLIST_KEY_UIApplicationSceneManifest_Generation = YES;
				INFOPLIST_KEY_UIApplicationSupportsIndirectInputEvents = YES;
				INFOPLIST_KEY_UILaunchScreen_Generation = YES;
				INFOPLIST_KEY_UISupportedInterfaceOrientations_iPad = "UIInterfaceOrientationPortrait UIInterfaceOrientationPortraitUpsideDown UIInterfaceOrientationLandscapeLeft UIInterfaceOrientationLandscapeRight";
				INFOPLIST_KEY_UISupportedInterfaceOrientations_iPhone = "UIInterfaceOrientationPortrait UIInterfaceOrientationLandscapeLeft UIInterfaceOrientationLandscapeRight";
				LD_RUNPATH_SEARCH_PATHS = (
					"$(inherited)",
					"@executable_path/Frameworks",
				);
				MARKETING_VERSION = 1.0;
				PRODUCT_BUNDLE_IDENTIFIER = kodewithklossy.anything;
				PRODUCT_NAME = "$(TARGET_NAME)";
				SWIFT_EMIT_LOC_STRINGS = YES;
				SWIFT_VERSION = 5.0;
				TARGETED_DEVICE_FAMILY = "1,2";
			};
			name = Release;
		};
		BD15A6AB2A8531F900061FAA /* Debug */ = {
			isa = XCBuildConfiguration;
			buildSettings = {
				ALWAYS_EMBED_SWIFT_STANDARD_LIBRARIES = YES;
				BUNDLE_LOADER = "$(TEST_HOST)";
				CODE_SIGN_STYLE = Automatic;
				CURRENT_PROJECT_VERSION = 1;
				DEVELOPMENT_TEAM = PPR4ML5PRX;
				GENERATE_INFOPLIST_FILE = YES;
				IPHONEOS_DEPLOYMENT_TARGET = 16.4;
				MARKETING_VERSION = 1.0;
				PRODUCT_BUNDLE_IDENTIFIER = kodewithklossy.anythingTests;
				PRODUCT_NAME = "$(TARGET_NAME)";
				SWIFT_EMIT_LOC_STRINGS = NO;
				SWIFT_VERSION = 5.0;
				TARGETED_DEVICE_FAMILY = "1,2";
				TEST_HOST = "$(BUILT_PRODUCTS_DIR)/anything.app/$(BUNDLE_EXECUTABLE_FOLDER_PATH)/anything";
			};
			name = Debug;
		};
		BD15A6AC2A8531F900061FAA /* Release */ = {
			isa = XCBuildConfiguration;
			buildSettings = {
				ALWAYS_EMBED_SWIFT_STANDARD_LIBRARIES = YES;
				BUNDLE_LOADER = "$(TEST_HOST)";
				CODE_SIGN_STYLE = Automatic;
				CURRENT_PROJECT_VERSION = 1;
				DEVELOPMENT_TEAM = PPR4ML5PRX;
				GENERATE_INFOPLIST_FILE = YES;
				IPHONEOS_DEPLOYMENT_TARGET = 16.4;
				MARKETING_VERSION = 1.0;
				PRODUCT_BUNDLE_IDENTIFIER = kodewithklossy.anythingTests;
				PRODUCT_NAME = "$(TARGET_NAME)";
				SWIFT_EMIT_LOC_STRINGS = NO;
				SWIFT_VERSION = 5.0;
				TARGETED_DEVICE_FAMILY = "1,2";
				TEST_HOST = "$(BUILT_PRODUCTS_DIR)/anything.app/$(BUNDLE_EXECUTABLE_FOLDER_PATH)/anything";
			};
			name = Release;
		};
		BD15A6AE2A8531F900061FAA /* Debug */ = {
			isa = XCBuildConfiguration;
			buildSettings = {
				ALWAYS_EMBED_SWIFT_STANDARD_LIBRARIES = YES;
				CODE_SIGN_STYLE = Automatic;
				CURRENT_PROJECT_VERSION = 1;
				DEVELOPMENT_TEAM = PPR4ML5PRX;
				GENERATE_INFOPLIST_FILE = YES;
				MARKETING_VERSION = 1.0;
				PRODUCT_BUNDLE_IDENTIFIER = kodewithklossy.anythingUITests;
				PRODUCT_NAME = "$(TARGET_NAME)";
				SWIFT_EMIT_LOC_STRINGS = NO;
				SWIFT_VERSION = 5.0;
				TARGETED_DEVICE_FAMILY = "1,2";
				TEST_TARGET_NAME = anything;
			};
			name = Debug;
		};
		BD15A6AF2A8531F900061FAA /* Release */ = {
			isa = XCBuildConfiguration;
			buildSettings = {
				ALWAYS_EMBED_SWIFT_STANDARD_LIBRARIES = YES;
				CODE_SIGN_STYLE = Automatic;
				CURRENT_PROJECT_VERSION = 1;
				DEVELOPMENT_TEAM = PPR4ML5PRX;
				GENERATE_INFOPLIST_FILE = YES;
				MARKETING_VERSION = 1.0;
				PRODUCT_BUNDLE_IDENTIFIER = kodewithklossy.anythingUITests;
				PRODUCT_NAME = "$(TARGET_NAME)";
				SWIFT_EMIT_LOC_STRINGS = NO;
				SWIFT_VERSION = 5.0;
				TARGETED_DEVICE_FAMILY = "1,2";
				TEST_TARGET_NAME = anything;
			};
			name = Release;
		};
/* End XCBuildConfiguration section */

/* Begin XCConfigurationList section */
		BD15A67E2A8531F800061FAA /* Build configuration list for PBXProject "anything" */ = {
			isa = XCConfigurationList;
			buildConfigurations = (
				BD15A6A52A8531F900061FAA /* Debug */,
				BD15A6A62A8531F900061FAA /* Release */,
			);
			defaultConfigurationIsVisible = 0;
			defaultConfigurationName = Release;
		};
		BD15A6A72A8531F900061FAA /* Build configuration list for PBXNativeTarget "anything" */ = {
			isa = XCConfigurationList;
			buildConfigurations = (
				BD15A6A82A8531F900061FAA /* Debug */,
				BD15A6A92A8531F900061FAA /* Release */,
			);
			defaultConfigurationIsVisible = 0;
			defaultConfigurationName = Release;
		};
		BD15A6AA2A8531F900061FAA /* Build configuration list for PBXNativeTarget "anythingTests" */ = {
			isa = XCConfigurationList;
			buildConfigurations = (
				BD15A6AB2A8531F900061FAA /* Debug */,
				BD15A6AC2A8531F900061FAA /* Release */,
			);
			defaultConfigurationIsVisible = 0;
			defaultConfigurationName = Release;
		};
		BD15A6AD2A8531F900061FAA /* Build configuration list for PBXNativeTarget "anythingUITests" */ = {
			isa = XCConfigurationList;
			buildConfigurations = (
				BD15A6AE2A8531F900061FAA /* Debug */,
				BD15A6AF2A8531F900061FAA /* Release */,
			);
			defaultConfigurationIsVisible = 0;
			defaultConfigurationName = Release;
		};
/* End XCConfigurationList section */
	};
	rootObject = BD15A67B2A8531F800061FAA /* Project object */;
}
